
Microsoft Visual Studio Solution File, Format Version 12.00
# Visual Studio Version 17
VisualStudioVersion = 17.13.35507.96 d17.13
MinimumVisualStudioVersion = 10.0.40219.1
Project("{FAE04EC0-301F-11D3-BF4B-00C04F79EFBC}") = "UltimateGeneralAmericanRevolutionMod", "UltimateGeneralAmericanRevolutionMod.csproj", "{9F788608-0A37-4FE8-8F9F-41C386DEA698}"
EndProject
Global
	GlobalSection(SolutionConfigurationPlatforms) = preSolution
		Debug|Any CPU = Debug|Any CPU
		Release|Any CPU = Release|Any CPU
	EndGlobalSection
	GlobalSection(ProjectConfigurationPlatforms) = postSolution
		{9F788608-0A37-4FE8-8F9F-41C386DEA698}.Debug|Any CPU.ActiveCfg = Debug|Any CPU
		{9F788608-0A37-4FE8-8F9F-41C386DEA698}.Debug|Any CPU.Build.0 = Debug|Any CPU
		{9F788608-0A37-4FE8-8F9F-41C386DEA698}.Release|Any CPU.ActiveCfg = Release|Any CPU
		{9F788608-0A37-4FE8-8F9F-41C386DEA698}.Release|Any CPU.Build.0 = Release|Any CPU
	EndGlobalSection
	GlobalSection(SolutionProperties) = preSolution
		HideSolutionNode = FALSE
	EndGlobalSection
	GlobalSection(ExtensibilityGlobals) = postSolution
		SolutionGuid = {00255E77-3E97-4846-B74E-15C819DECD35}
	EndGlobalSection
EndGlobal
